
Microsoft Visual Studio Solution File, Format Version 12.00
# Visual Studio Version 17
VisualStudioVersion = 17.10.35122.118
MinimumVisualStudioVersion = 10.0.40219.1
Project("{FAE04EC0-301F-11D3-BF4B-00C04F79EFBC}") = "eCommerce", "eCommerce\eCommerce.csproj", "{00540761-456B-4B3C-A6EA-0689D043E896}"
EndProject
Global
	GlobalSection(SolutionConfigurationPlatforms) = preSolution
		Debug|Any CPU = Debug|Any CPU
		Release|Any CPU = Release|Any CPU
	EndGlobalSection
	GlobalSection(ProjectConfigurationPlatforms) = postSolution
		{00540761-456B-4B3C-A6EA-0689D043E896}.Debug|Any CPU.ActiveCfg = Debug|Any CPU
		{00540761-456B-4B3C-A6EA-0689D043E896}.Debug|Any CPU.Build.0 = Debug|Any CPU
		{00540761-456B-4B3C-A6EA-0689D043E896}.Debug|Any CPU.Deploy.0 = Debug|Any CPU
		{00540761-456B-4B3C-A6EA-0689D043E896}.Release|Any CPU.ActiveCfg = Release|Any CPU
		{00540761-456B-4B3C-A6EA-0689D043E896}.Release|Any CPU.Build.0 = Release|Any CPU
		{00540761-456B-4B3C-A6EA-0689D043E896}.Release|Any CPU.Deploy.0 = Release|Any CPU
	EndGlobalSection
	GlobalSection(SolutionProperties) = preSolution
		HideSolutionNode = FALSE
	EndGlobalSection
	GlobalSection(ExtensibilityGlobals) = postSolution
		SolutionGuid = {EBA14CFB-A0EA-419B-835B-B20BF8662280}
	EndGlobalSection
EndGlobal
