
Microsoft Visual Studio Solution File, Format Version 12.00
# Visual Studio Version 17
VisualStudioVersion = 17.10.35122.118
MinimumVisualStudioVersion = 10.0.40219.1
Project("{FAE04EC0-301F-11D3-BF4B-00C04F79EFBC}") = "SciCalc", "SciCalc\SciCalc.csproj", "{538596B1-4C80-47A2-A040-DC1687614830}"
EndProject
Global
	GlobalSection(SolutionConfigurationPlatforms) = preSolution
		Debug|Any CPU = Debug|Any CPU
		Release|Any CPU = Release|Any CPU
	EndGlobalSection
	GlobalSection(ProjectConfigurationPlatforms) = postSolution
		{538596B1-4C80-47A2-A040-DC1687614830}.Debug|Any CPU.ActiveCfg = Debug|Any CPU
		{538596B1-4C80-47A2-A040-DC1687614830}.Debug|Any CPU.Build.0 = Debug|Any CPU
		{538596B1-4C80-47A2-A040-DC1687614830}.Debug|Any CPU.Deploy.0 = Debug|Any CPU
		{538596B1-4C80-47A2-A040-DC1687614830}.Release|Any CPU.ActiveCfg = Release|Any CPU
		{538596B1-4C80-47A2-A040-DC1687614830}.Release|Any CPU.Build.0 = Release|Any CPU
		{538596B1-4C80-47A2-A040-DC1687614830}.Release|Any CPU.Deploy.0 = Release|Any CPU
	EndGlobalSection
	GlobalSection(SolutionProperties) = preSolution
		HideSolutionNode = FALSE
	EndGlobalSection
	GlobalSection(ExtensibilityGlobals) = postSolution
		SolutionGuid = {F58089C1-D63B-45DB-9914-6FA8AFCE178B}
	EndGlobalSection
EndGlobal
